
Microsoft Visual Studio Solution File, Format Version 12.00
# Visual Studio Version 16
VisualStudioVersion = 16.0.31004.235
MinimumVisualStudioVersion = 10.0.40219.1
Project("{9A19103F-16F7-4668-BE54-9A1E7A4F7556}") = "WhatsInThePhotoAPI", "WhatsInThePhotoAPI.csproj", "{FEE6498F-EC4C-4916-971D-B861DCBB25ED}"
EndProject
Project("{E53339B2-1760-4266-BCC7-CA923CBCF16C}") = "docker-compose", "docker-compose.dcproj", "{A801D1A2-03E1-4E79-A324-B1BA594B7868}"
EndProject
Global
	GlobalSection(SolutionConfigurationPlatforms) = preSolution
		Debug|Any CPU = Debug|Any CPU
		Release|Any CPU = Release|Any CPU
	EndGlobalSection
	GlobalSection(ProjectConfigurationPlatforms) = postSolution
		{FEE6498F-EC4C-4916-971D-B861DCBB25ED}.Debug|Any CPU.ActiveCfg = Debug|Any CPU
		{FEE6498F-EC4C-4916-971D-B861DCBB25ED}.Debug|Any CPU.Build.0 = Debug|Any CPU
		{FEE6498F-EC4C-4916-971D-B861DCBB25ED}.Release|Any CPU.ActiveCfg = Release|Any CPU
		{FEE6498F-EC4C-4916-971D-B861DCBB25ED}.Release|Any CPU.Build.0 = Release|Any CPU
		{A801D1A2-03E1-4E79-A324-B1BA594B7868}.Debug|Any CPU.ActiveCfg = Debug|Any CPU
		{A801D1A2-03E1-4E79-A324-B1BA594B7868}.Debug|Any CPU.Build.0 = Debug|Any CPU
		{A801D1A2-03E1-4E79-A324-B1BA594B7868}.Release|Any CPU.ActiveCfg = Release|Any CPU
		{A801D1A2-03E1-4E79-A324-B1BA594B7868}.Release|Any CPU.Build.0 = Release|Any CPU
	EndGlobalSection
	GlobalSection(SolutionProperties) = preSolution
		HideSolutionNode = FALSE
	EndGlobalSection
	GlobalSection(ExtensibilityGlobals) = postSolution
		SolutionGuid = {1422669D-CE93-49DF-AC87-436B04DB89D8}
	EndGlobalSection
EndGlobal
